{
    "name": "software_studio_frontend",
    "version": "1.0.0",
    "lockfileVersion": 2,
    "requires": true,
    "packages": {
        "": {
            "name": "software_studio_frontend",
            "version": "1.0.0",
            "hasInstallScript": true,
            "license": "ISC",
            "dependencies": {
                "yarn": "^1.22.18"
            },
            "devDependencies": {
                "husky": "^7.0.4",
                "prettier": "^2.6.1"
            }
        },
        "node_modules/husky": {
            "version": "7.0.4",
            "resolved": "https://registry.npmjs.org/husky/-/husky-7.0.4.tgz",
            "integrity": "sha512-vbaCKN2QLtP/vD4yvs6iz6hBEo6wkSzs8HpRah1Z6aGmF2KW5PdYuAd7uX5a+OyBZHBhd+TFLqgjUgytQr4RvQ==",
            "dev": true,
            "bin": {
                "husky": "lib/bin.js"
            },
            "engines": {
                "node": ">=12"
            },
            "funding": {
                "url": "https://github.com/sponsors/typicode"
            }
        },
        "node_modules/prettier": {
            "version": "2.6.1",
            "resolved": "https://registry.npmjs.org/prettier/-/prettier-2.6.1.tgz",
            "integrity": "sha512-8UVbTBYGwN37Bs9LERmxCPjdvPxlEowx2urIL6urHzdb3SDq4B/Z6xLFCblrSnE4iKWcS6ziJ3aOYrc1kz/E2A==",
            "dev": true,
            "bin": {
                "prettier": "bin-prettier.js"
            },
            "engines": {
                "node": ">=10.13.0"
            },
            "funding": {
                "url": "https://github.com/prettier/prettier?sponsor=1"
            }
        },
        "node_modules/yarn": {
            "version": "1.22.18",
            "resolved": "https://registry.npmjs.org/yarn/-/yarn-1.22.18.tgz",
            "integrity": "sha512-oFffv6Jp2+BTUBItzx1Z0dpikTX+raRdqupfqzeMKnoh7WD6RuPAxcqDkMUy9vafJkrB0YaV708znpuMhEBKGQ==",
            "hasInstallScript": true,
            "bin": {
                "yarn": "bin/yarn.js",
                "yarnpkg": "bin/yarn.js"
            },
            "engines": {
                "node": ">=4.0.0"
            }
        }
    },
    "dependencies": {
        "husky": {
            "version": "7.0.4",
            "resolved": "https://registry.npmjs.org/husky/-/husky-7.0.4.tgz",
            "integrity": "sha512-vbaCKN2QLtP/vD4yvs6iz6hBEo6wkSzs8HpRah1Z6aGmF2KW5PdYuAd7uX5a+OyBZHBhd+TFLqgjUgytQr4RvQ==",
            "dev": true
        },
        "prettier": {
            "version": "2.6.1",
            "resolved": "https://registry.npmjs.org/prettier/-/prettier-2.6.1.tgz",
            "integrity": "sha512-8UVbTBYGwN37Bs9LERmxCPjdvPxlEowx2urIL6urHzdb3SDq4B/Z6xLFCblrSnE4iKWcS6ziJ3aOYrc1kz/E2A==",
            "dev": true
        },
        "yarn": {
            "version": "1.22.18",
            "resolved": "https://registry.npmjs.org/yarn/-/yarn-1.22.18.tgz",
            "integrity": "sha512-oFffv6Jp2+BTUBItzx1Z0dpikTX+raRdqupfqzeMKnoh7WD6RuPAxcqDkMUy9vafJkrB0YaV708znpuMhEBKGQ=="
        }
    }
}
